// !$*UTF8*$!
{
	archiveVersion = 1;
	classes = {
	};
	objectVersion = 46;
	objects = {

/* Begin PBXBuildFile section */
		DA2134D7161BAF6600733F82 /* CocoaTentMention.m in Sources */ = {isa = PBXBuildFile; fileRef = DA2134D6161BAF6600733F82 /* CocoaTentMention.m */; };
		DA2134DB161BB23C00733F82 /* CocoaTentEssay.m in Sources */ = {isa = PBXBuildFile; fileRef = DA2134DA161BB23C00733F82 /* CocoaTentEssay.m */; };
		DA2134DE161BB8AB00733F82 /* CocoaTentPhoto.m in Sources */ = {isa = PBXBuildFile; fileRef = DA2134DD161BB8AB00733F82 /* CocoaTentPhoto.m */; };
		DA2134E1161BBA9C00733F82 /* CocoaTentAlbum.m in Sources */ = {isa = PBXBuildFile; fileRef = DA2134E0161BBA9C00733F82 /* CocoaTentAlbum.m */; };
		DA2134E4161BBBA700733F82 /* CocoaTentRepost.m in Sources */ = {isa = PBXBuildFile; fileRef = DA2134E3161BBBA700733F82 /* CocoaTentRepost.m */; };
		DA2134E7161BBC3700733F82 /* CocoaTentProfile.m in Sources */ = {isa = PBXBuildFile; fileRef = DA2134E6161BBC3700733F82 /* CocoaTentProfile.m */; };
		DA2134EA161BC48B00733F82 /* CocoaTentDelete.m in Sources */ = {isa = PBXBuildFile; fileRef = DA2134E9161BC48B00733F82 /* CocoaTentDelete.m */; };
		DA2134F0161BCC1E00733F82 /* NSData+Base64.m in Sources */ = {isa = PBXBuildFile; fileRef = DA2134ED161BCC1E00733F82 /* NSData+Base64.m */; };
		DA2134F1161BCC1E00733F82 /* NSString+Base64.m in Sources */ = {isa = PBXBuildFile; fileRef = DA2134EF161BCC1E00733F82 /* NSString+Base64.m */; };
		DA2134F4161BEAC300733F82 /* NSString+URLEncoding.m in Sources */ = {isa = PBXBuildFile; fileRef = DA2134F3161BEAC300733F82 /* NSString+URLEncoding.m */; };
		DA511CEF160F716D00A814D7 /* Cocoa.framework in Frameworks */ = {isa = PBXBuildFile; fileRef = DA511CEE160F716D00A814D7 /* Cocoa.framework */; };
		DA511CF9160F716D00A814D7 /* InfoPlist.strings in Resources */ = {isa = PBXBuildFile; fileRef = DA511CF7160F716D00A814D7 /* InfoPlist.strings */; };
		DA511CFB160F716D00A814D7 /* main.m in Sources */ = {isa = PBXBuildFile; fileRef = DA511CFA160F716D00A814D7 /* main.m */; };
		DA511CFF160F716D00A814D7 /* Credits.rtf in Resources */ = {isa = PBXBuildFile; fileRef = DA511CFD160F716D00A814D7 /* Credits.rtf */; };
		DA511D02160F716D00A814D7 /* AppDelegate.m in Sources */ = {isa = PBXBuildFile; fileRef = DA511D01160F716D00A814D7 /* AppDelegate.m */; };
		DA511D05160F716D00A814D7 /* MainMenu.xib in Resources */ = {isa = PBXBuildFile; fileRef = DA511D03160F716D00A814D7 /* MainMenu.xib */; };
		DA511D1F160F723F00A814D7 /* AFHTTPClient.m in Sources */ = {isa = PBXBuildFile; fileRef = DA511D0D160F723F00A814D7 /* AFHTTPClient.m */; };
		DA511D20160F723F00A814D7 /* AFHTTPRequestOperation.m in Sources */ = {isa = PBXBuildFile; fileRef = DA511D0F160F723F00A814D7 /* AFHTTPRequestOperation.m */; };
		DA511D21160F723F00A814D7 /* AFImageRequestOperation.m in Sources */ = {isa = PBXBuildFile; fileRef = DA511D11160F723F00A814D7 /* AFImageRequestOperation.m */; };
		DA511D22160F723F00A814D7 /* AFJSONRequestOperation.m in Sources */ = {isa = PBXBuildFile; fileRef = DA511D13160F723F00A814D7 /* AFJSONRequestOperation.m */; };
		DA511D23160F723F00A814D7 /* AFNetworkActivityIndicatorManager.m in Sources */ = {isa = PBXBuildFile; fileRef = DA511D15160F723F00A814D7 /* AFNetworkActivityIndicatorManager.m */; };
		DA511D24160F723F00A814D7 /* AFPropertyListRequestOperation.m in Sources */ = {isa = PBXBuildFile; fileRef = DA511D18160F723F00A814D7 /* AFPropertyListRequestOperation.m */; };
		DA511D25160F723F00A814D7 /* AFURLConnectionOperation.m in Sources */ = {isa = PBXBuildFile; fileRef = DA511D1A160F723F00A814D7 /* AFURLConnectionOperation.m */; };
		DA511D26160F723F00A814D7 /* AFXMLRequestOperation.m in Sources */ = {isa = PBXBuildFile; fileRef = DA511D1C160F723F00A814D7 /* AFXMLRequestOperation.m */; };
		DA511D27160F723F00A814D7 /* UIImageView+AFNetworking.m in Sources */ = {isa = PBXBuildFile; fileRef = DA511D1E160F723F00A814D7 /* UIImageView+AFNetworking.m */; };
		DA6BC4FA161A68EB0044CF5D /* CocoaTentPost.m in Sources */ = {isa = PBXBuildFile; fileRef = DA6BC4F9161A68EB0044CF5D /* CocoaTentPost.m */; };
		DA6BC4FE161A718F0044CF5D /* CocoaTentStatus.m in Sources */ = {isa = PBXBuildFile; fileRef = DA6BC4FD161A718F0044CF5D /* CocoaTentStatus.m */; };
		DA6BC501161A89D00044CF5D /* TimelineData.m in Sources */ = {isa = PBXBuildFile; fileRef = DA6BC500161A89D00044CF5D /* TimelineData.m */; };
		DA936F12161E734B00DF2016 /* CocoaTentCoreProfile.m in Sources */ = {isa = PBXBuildFile; fileRef = DA936F11161E734B00DF2016 /* CocoaTentCoreProfile.m */; };
		DA936F16161E74C300DF2016 /* CocoaTentBasicProfile.m in Sources */ = {isa = PBXBuildFile; fileRef = DA936F15161E74C300DF2016 /* CocoaTentBasicProfile.m */; };
		DAB01BA11618D1E4003868E0 /* SystemConfiguration.framework in Frameworks */ = {isa = PBXBuildFile; fileRef = DAB01BA01618D1E4003868E0 /* SystemConfiguration.framework */; };
		DAB01BA41619410E003868E0 /* README.md in Resources */ = {isa = PBXBuildFile; fileRef = DAB01BA31619410E003868E0 /* README.md */; };
		DAB0753F16121E590079BE7D /* CocoaTentApp.m in Sources */ = {isa = PBXBuildFile; fileRef = DAB0753E16121E590079BE7D /* CocoaTentApp.m */; };
		DAB0754916121EDF0079BE7D /* JSONKit.m in Sources */ = {isa = PBXBuildFile; fileRef = DAB0754216121EDF0079BE7D /* JSONKit.m */; settings = {COMPILER_FLAGS = "-fno-objc-arc"; }; };
		DAB0754B16121EDF0079BE7D /* NSString+ParseQueryString.m in Sources */ = {isa = PBXBuildFile; fileRef = DAB0754616121EDF0079BE7D /* NSString+ParseQueryString.m */; };
		DAB0754C16121EDF0079BE7D /* CocoaTent.m in Sources */ = {isa = PBXBuildFile; fileRef = DAB0754816121EDF0079BE7D /* CocoaTent.m */; };
		DAC3A01716169B8700188E73 /* CocoaTentCommunication.m in Sources */ = {isa = PBXBuildFile; fileRef = DAC3A01616169B8700188E73 /* CocoaTentCommunication.m */; };
		DADABDD5161B5C9A00189BC6 /* AutoHyperlinks.framework in Frameworks */ = {isa = PBXBuildFile; fileRef = DADABDD4161B5C9A00189BC6 /* AutoHyperlinks.framework */; };
		DADABDEA161B5E0900189BC6 /* AutoHyperlinks.framework in CopyFiles */ = {isa = PBXBuildFile; fileRef = DADABDD4161B5C9A00189BC6 /* AutoHyperlinks.framework */; };
		DADFBE73161F14CA00946C10 /* CocoaTentRepostFetcher.m in Sources */ = {isa = PBXBuildFile; fileRef = DADFBE72161F14CA00946C10 /* CocoaTentRepostFetcher.m */; };
		DAEE05161612952C008CABF5 /* NSString+Random.m in Sources */ = {isa = PBXBuildFile; fileRef = DAEE05151612952C008CABF5 /* NSString+Random.m */; };
		DAEE051B161297C2008CABF5 /* NSData+hmac_sha_256.m in Sources */ = {isa = PBXBuildFile; fileRef = DAEE051A161297C2008CABF5 /* NSData+hmac_sha_256.m */; };
		DAEE051E1612AF2A008CABF5 /* NSString+hmac_sha_256.m in Sources */ = {isa = PBXBuildFile; fileRef = DAEE051D1612AF2A008CABF5 /* NSString+hmac_sha_256.m */; };
/* End PBXBuildFile section */

/* Begin PBXCopyFilesBuildPhase section */
		DADABDE9161B5DFB00189BC6 /* CopyFiles */ = {
			isa = PBXCopyFilesBuildPhase;
			buildActionMask = 2147483647;
			dstPath = "";
			dstSubfolderSpec = 10;
			files = (
				DADABDEA161B5E0900189BC6 /* AutoHyperlinks.framework in CopyFiles */,
			);
			runOnlyForDeploymentPostprocessing = 0;
		};
/* End PBXCopyFilesBuildPhase section */

/* Begin PBXFileReference section */
		DA2134D5161BAF6600733F82 /* CocoaTentMention.h */ = {isa = PBXFileReference; fileEncoding = 4; lastKnownFileType = sourcecode.c.h; name = CocoaTentMention.h; path = CocoaTent/CocoaTentMention.h; sourceTree = "<group>"; };
		DA2134D6161BAF6600733F82 /* CocoaTentMention.m */ = {isa = PBXFileReference; fileEncoding = 4; lastKnownFileType = sourcecode.c.objc; name = CocoaTentMention.m; path = CocoaTent/CocoaTentMention.m; sourceTree = "<group>"; };
		DA2134D9161BB23C00733F82 /* CocoaTentEssay.h */ = {isa = PBXFileReference; fileEncoding = 4; lastKnownFileType = sourcecode.c.h; name = CocoaTentEssay.h; path = CocoaTent/CocoaTentEssay.h; sourceTree = "<group>"; };
		DA2134DA161BB23C00733F82 /* CocoaTentEssay.m */ = {isa = PBXFileReference; fileEncoding = 4; lastKnownFileType = sourcecode.c.objc; name = CocoaTentEssay.m; path = CocoaTent/CocoaTentEssay.m; sourceTree = "<group>"; };
		DA2134DC161BB8AB00733F82 /* CocoaTentPhoto.h */ = {isa = PBXFileReference; fileEncoding = 4; lastKnownFileType = sourcecode.c.h; name = CocoaTentPhoto.h; path = CocoaTent/CocoaTentPhoto.h; sourceTree = "<group>"; };
		DA2134DD161BB8AB00733F82 /* CocoaTentPhoto.m */ = {isa = PBXFileReference; fileEncoding = 4; lastKnownFileType = sourcecode.c.objc; name = CocoaTentPhoto.m; path = CocoaTent/CocoaTentPhoto.m; sourceTree = "<group>"; };
		DA2134DF161BBA9C00733F82 /* CocoaTentAlbum.h */ = {isa = PBXFileReference; fileEncoding = 4; lastKnownFileType = sourcecode.c.h; name = CocoaTentAlbum.h; path = CocoaTent/CocoaTentAlbum.h; sourceTree = "<group>"; };
		DA2134E0161BBA9C00733F82 /* CocoaTentAlbum.m */ = {isa = PBXFileReference; fileEncoding = 4; lastKnownFileType = sourcecode.c.objc; name = CocoaTentAlbum.m; path = CocoaTent/CocoaTentAlbum.m; sourceTree = "<group>"; };
		DA2134E2161BBBA700733F82 /* CocoaTentRepost.h */ = {isa = PBXFileReference; fileEncoding = 4; lastKnownFileType = sourcecode.c.h; name = CocoaTentRepost.h; path = CocoaTent/CocoaTentRepost.h; sourceTree = "<group>"; };
		DA2134E3161BBBA700733F82 /* CocoaTentRepost.m */ = {isa = PBXFileReference; fileEncoding = 4; lastKnownFileType = sourcecode.c.objc; name = CocoaTentRepost.m; path = CocoaTent/CocoaTentRepost.m; sourceTree = "<group>"; };
		DA2134E5161BBC3700733F82 /* CocoaTentProfile.h */ = {isa = PBXFileReference; fileEncoding = 4; lastKnownFileType = sourcecode.c.h; name = CocoaTentProfile.h; path = CocoaTent/CocoaTentProfile.h; sourceTree = "<group>"; };
		DA2134E6161BBC3700733F82 /* CocoaTentProfile.m */ = {isa = PBXFileReference; fileEncoding = 4; lastKnownFileType = sourcecode.c.objc; name = CocoaTentProfile.m; path = CocoaTent/CocoaTentProfile.m; sourceTree = "<group>"; };
		DA2134E8161BC48B00733F82 /* CocoaTentDelete.h */ = {isa = PBXFileReference; fileEncoding = 4; lastKnownFileType = sourcecode.c.h; name = CocoaTentDelete.h; path = CocoaTent/CocoaTentDelete.h; sourceTree = "<group>"; };
		DA2134E9161BC48B00733F82 /* CocoaTentDelete.m */ = {isa = PBXFileReference; fileEncoding = 4; lastKnownFileType = sourcecode.c.objc; name = CocoaTentDelete.m; path = CocoaTent/CocoaTentDelete.m; sourceTree = "<group>"; };
		DA2134EC161BCC1E00733F82 /* NSData+Base64.h */ = {isa = PBXFileReference; fileEncoding = 4; lastKnownFileType = sourcecode.c.h; name = "NSData+Base64.h"; path = "CocoaTent/NSData+Base64.h"; sourceTree = "<group>"; };
		DA2134ED161BCC1E00733F82 /* NSData+Base64.m */ = {isa = PBXFileReference; fileEncoding = 4; lastKnownFileType = sourcecode.c.objc; name = "NSData+Base64.m"; path = "CocoaTent/NSData+Base64.m"; sourceTree = "<group>"; };
		DA2134EE161BCC1E00733F82 /* NSString+Base64.h */ = {isa = PBXFileReference; fileEncoding = 4; lastKnownFileType = sourcecode.c.h; name = "NSString+Base64.h"; path = "CocoaTent/NSString+Base64.h"; sourceTree = "<group>"; };
		DA2134EF161BCC1E00733F82 /* NSString+Base64.m */ = {isa = PBXFileReference; fileEncoding = 4; lastKnownFileType = sourcecode.c.objc; name = "NSString+Base64.m"; path = "CocoaTent/NSString+Base64.m"; sourceTree = "<group>"; };
		DA2134F2161BEAC300733F82 /* NSString+URLEncoding.h */ = {isa = PBXFileReference; fileEncoding = 4; lastKnownFileType = sourcecode.c.h; name = "NSString+URLEncoding.h"; path = "CocoaTent/NSString+URLEncoding.h"; sourceTree = "<group>"; };
		DA2134F3161BEAC300733F82 /* NSString+URLEncoding.m */ = {isa = PBXFileReference; fileEncoding = 4; lastKnownFileType = sourcecode.c.objc; name = "NSString+URLEncoding.m"; path = "CocoaTent/NSString+URLEncoding.m"; sourceTree = "<group>"; };
		DA511CEA160F716D00A814D7 /* TentClient.app */ = {isa = PBXFileReference; explicitFileType = wrapper.application; includeInIndex = 0; path = TentClient.app; sourceTree = BUILT_PRODUCTS_DIR; };
		DA511CEE160F716D00A814D7 /* Cocoa.framework */ = {isa = PBXFileReference; lastKnownFileType = wrapper.framework; name = Cocoa.framework; path = System/Library/Frameworks/Cocoa.framework; sourceTree = SDKROOT; };
		DA511CF1160F716D00A814D7 /* AppKit.framework */ = {isa = PBXFileReference; lastKnownFileType = wrapper.framework; name = AppKit.framework; path = System/Library/Frameworks/AppKit.framework; sourceTree = SDKROOT; };
		DA511CF2160F716D00A814D7 /* CoreData.framework */ = {isa = PBXFileReference; lastKnownFileType = wrapper.framework; name = CoreData.framework; path = System/Library/Frameworks/CoreData.framework; sourceTree = SDKROOT; };
		DA511CF3160F716D00A814D7 /* Foundation.framework */ = {isa = PBXFileReference; lastKnownFileType = wrapper.framework; name = Foundation.framework; path = System/Library/Frameworks/Foundation.framework; sourceTree = SDKROOT; };
		DA511CF6160F716D00A814D7 /* TentClient-Info.plist */ = {isa = PBXFileReference; lastKnownFileType = text.plist.xml; path = "TentClient-Info.plist"; sourceTree = "<group>"; };
		DA511CF8160F716D00A814D7 /* en */ = {isa = PBXFileReference; lastKnownFileType = text.plist.strings; name = en; path = en.lproj/InfoPlist.strings; sourceTree = "<group>"; };
		DA511CFA160F716D00A814D7 /* main.m */ = {isa = PBXFileReference; lastKnownFileType = sourcecode.c.objc; path = main.m; sourceTree = "<group>"; };
		DA511CFC160F716D00A814D7 /* TentClient-Prefix.pch */ = {isa = PBXFileReference; lastKnownFileType = sourcecode.c.h; path = "TentClient-Prefix.pch"; sourceTree = "<group>"; };
		DA511CFE160F716D00A814D7 /* en */ = {isa = PBXFileReference; lastKnownFileType = text.rtf; name = en; path = en.lproj/Credits.rtf; sourceTree = "<group>"; };
		DA511D00160F716D00A814D7 /* AppDelegate.h */ = {isa = PBXFileReference; lastKnownFileType = sourcecode.c.h; path = AppDelegate.h; sourceTree = "<group>"; };
		DA511D01160F716D00A814D7 /* AppDelegate.m */ = {isa = PBXFileReference; lastKnownFileType = sourcecode.c.objc; path = AppDelegate.m; sourceTree = "<group>"; };
		DA511D04160F716D00A814D7 /* en */ = {isa = PBXFileReference; lastKnownFileType = file.xib; name = en; path = en.lproj/MainMenu.xib; sourceTree = "<group>"; };
		DA511D0C160F723F00A814D7 /* AFHTTPClient.h */ = {isa = PBXFileReference; fileEncoding = 4; lastKnownFileType = sourcecode.c.h; path = AFHTTPClient.h; sourceTree = "<group>"; };
		DA511D0D160F723F00A814D7 /* AFHTTPClient.m */ = {isa = PBXFileReference; fileEncoding = 4; lastKnownFileType = sourcecode.c.objc; path = AFHTTPClient.m; sourceTree = "<group>"; };
		DA511D0E160F723F00A814D7 /* AFHTTPRequestOperation.h */ = {isa = PBXFileReference; fileEncoding = 4; lastKnownFileType = sourcecode.c.h; path = AFHTTPRequestOperation.h; sourceTree = "<group>"; };
		DA511D0F160F723F00A814D7 /* AFHTTPRequestOperation.m */ = {isa = PBXFileReference; fileEncoding = 4; lastKnownFileType = sourcecode.c.objc; path = AFHTTPRequestOperation.m; sourceTree = "<group>"; };
		DA511D10160F723F00A814D7 /* AFImageRequestOperation.h */ = {isa = PBXFileReference; fileEncoding = 4; lastKnownFileType = sourcecode.c.h; path = AFImageRequestOperation.h; sourceTree = "<group>"; };
		DA511D11160F723F00A814D7 /* AFImageRequestOperation.m */ = {isa = PBXFileReference; fileEncoding = 4; lastKnownFileType = sourcecode.c.objc; path = AFImageRequestOperation.m; sourceTree = "<group>"; };
		DA511D12160F723F00A814D7 /* AFJSONRequestOperation.h */ = {isa = PBXFileReference; fileEncoding = 4; lastKnownFileType = sourcecode.c.h; path = AFJSONRequestOperation.h; sourceTree = "<group>"; };
		DA511D13160F723F00A814D7 /* AFJSONRequestOperation.m */ = {isa = PBXFileReference; fileEncoding = 4; lastKnownFileType = sourcecode.c.objc; path = AFJSONRequestOperation.m; sourceTree = "<group>"; };
		DA511D14160F723F00A814D7 /* AFNetworkActivityIndicatorManager.h */ = {isa = PBXFileReference; fileEncoding = 4; lastKnownFileType = sourcecode.c.h; path = AFNetworkActivityIndicatorManager.h; sourceTree = "<group>"; };
		DA511D15160F723F00A814D7 /* AFNetworkActivityIndicatorManager.m */ = {isa = PBXFileReference; fileEncoding = 4; lastKnownFileType = sourcecode.c.objc; path = AFNetworkActivityIndicatorManager.m; sourceTree = "<group>"; };
		DA511D16160F723F00A814D7 /* AFNetworking.h */ = {isa = PBXFileReference; fileEncoding = 4; lastKnownFileType = sourcecode.c.h; path = AFNetworking.h; sourceTree = "<group>"; };
		DA511D17160F723F00A814D7 /* AFPropertyListRequestOperation.h */ = {isa = PBXFileReference; fileEncoding = 4; lastKnownFileType = sourcecode.c.h; path = AFPropertyListRequestOperation.h; sourceTree = "<group>"; };
		DA511D18160F723F00A814D7 /* AFPropertyListRequestOperation.m */ = {isa = PBXFileReference; fileEncoding = 4; lastKnownFileType = sourcecode.c.objc; path = AFPropertyListRequestOperation.m; sourceTree = "<group>"; };
		DA511D19160F723F00A814D7 /* AFURLConnectionOperation.h */ = {isa = PBXFileReference; fileEncoding = 4; lastKnownFileType = sourcecode.c.h; path = AFURLConnectionOperation.h; sourceTree = "<group>"; };
		DA511D1A160F723F00A814D7 /* AFURLConnectionOperation.m */ = {isa = PBXFileReference; fileEncoding = 4; lastKnownFileType = sourcecode.c.objc; path = AFURLConnectionOperation.m; sourceTree = "<group>"; };
		DA511D1B160F723F00A814D7 /* AFXMLRequestOperation.h */ = {isa = PBXFileReference; fileEncoding = 4; lastKnownFileType = sourcecode.c.h; path = AFXMLRequestOperation.h; sourceTree = "<group>"; };
		DA511D1C160F723F00A814D7 /* AFXMLRequestOperation.m */ = {isa = PBXFileReference; fileEncoding = 4; lastKnownFileType = sourcecode.c.objc; path = AFXMLRequestOperation.m; sourceTree = "<group>"; };
		DA511D1D160F723F00A814D7 /* UIImageView+AFNetworking.h */ = {isa = PBXFileReference; fileEncoding = 4; lastKnownFileType = sourcecode.c.h; path = "UIImageView+AFNetworking.h"; sourceTree = "<group>"; };
		DA511D1E160F723F00A814D7 /* UIImageView+AFNetworking.m */ = {isa = PBXFileReference; fileEncoding = 4; lastKnownFileType = sourcecode.c.objc; path = "UIImageView+AFNetworking.m"; sourceTree = "<group>"; };
		DA511D28160F7E4600A814D7 /* TentClient.entitlements */ = {isa = PBXFileReference; lastKnownFileType = text.xml; path = TentClient.entitlements; sourceTree = "<group>"; };
		DA6BC4F8161A68EA0044CF5D /* CocoaTentPost.h */ = {isa = PBXFileReference; fileEncoding = 4; lastKnownFileType = sourcecode.c.h; name = CocoaTentPost.h; path = CocoaTent/CocoaTentPost.h; sourceTree = "<group>"; };
		DA6BC4F9161A68EB0044CF5D /* CocoaTentPost.m */ = {isa = PBXFileReference; fileEncoding = 4; lastKnownFileType = sourcecode.c.objc; name = CocoaTentPost.m; path = CocoaTent/CocoaTentPost.m; sourceTree = "<group>"; };
		DA6BC4FC161A718F0044CF5D /* CocoaTentStatus.h */ = {isa = PBXFileReference; fileEncoding = 4; lastKnownFileType = sourcecode.c.h; name = CocoaTentStatus.h; path = CocoaTent/CocoaTentStatus.h; sourceTree = "<group>"; };
		DA6BC4FD161A718F0044CF5D /* CocoaTentStatus.m */ = {isa = PBXFileReference; fileEncoding = 4; lastKnownFileType = sourcecode.c.objc; name = CocoaTentStatus.m; path = CocoaTent/CocoaTentStatus.m; sourceTree = "<group>"; };
		DA6BC4FF161A89D00044CF5D /* TimelineData.h */ = {isa = PBXFileReference; fileEncoding = 4; lastKnownFileType = sourcecode.c.h; path = TimelineData.h; sourceTree = "<group>"; };
		DA6BC500161A89D00044CF5D /* TimelineData.m */ = {isa = PBXFileReference; fileEncoding = 4; lastKnownFileType = sourcecode.c.objc; path = TimelineData.m; sourceTree = "<group>"; };
		DA936F10161E734B00DF2016 /* CocoaTentCoreProfile.h */ = {isa = PBXFileReference; fileEncoding = 4; lastKnownFileType = sourcecode.c.h; name = CocoaTentCoreProfile.h; path = CocoaTent/CocoaTentCoreProfile.h; sourceTree = "<group>"; };
		DA936F11161E734B00DF2016 /* CocoaTentCoreProfile.m */ = {isa = PBXFileReference; fileEncoding = 4; lastKnownFileType = sourcecode.c.objc; name = CocoaTentCoreProfile.m; path = CocoaTent/CocoaTentCoreProfile.m; sourceTree = "<group>"; };
		DA936F14161E74C300DF2016 /* CocoaTentBasicProfile.h */ = {isa = PBXFileReference; fileEncoding = 4; lastKnownFileType = sourcecode.c.h; name = CocoaTentBasicProfile.h; path = CocoaTent/CocoaTentBasicProfile.h; sourceTree = "<group>"; };
		DA936F15161E74C300DF2016 /* CocoaTentBasicProfile.m */ = {isa = PBXFileReference; fileEncoding = 4; lastKnownFileType = sourcecode.c.objc; name = CocoaTentBasicProfile.m; path = CocoaTent/CocoaTentBasicProfile.m; sourceTree = "<group>"; };
		DAB01BA01618D1E4003868E0 /* SystemConfiguration.framework */ = {isa = PBXFileReference; lastKnownFileType = wrapper.framework; name = SystemConfiguration.framework; path = System/Library/Frameworks/SystemConfiguration.framework; sourceTree = SDKROOT; };
		DAB01BA31619410E003868E0 /* README.md */ = {isa = PBXFileReference; fileEncoding = 4; lastKnownFileType = text; path = README.md; sourceTree = SOURCE_ROOT; };
		DAB0753D16121E590079BE7D /* CocoaTentApp.h */ = {isa = PBXFileReference; fileEncoding = 4; lastKnownFileType = sourcecode.c.h; name = CocoaTentApp.h; path = CocoaTent/CocoaTentApp.h; sourceTree = "<group>"; };
		DAB0753E16121E590079BE7D /* CocoaTentApp.m */ = {isa = PBXFileReference; fileEncoding = 4; lastKnownFileType = sourcecode.c.objc; name = CocoaTentApp.m; path = CocoaTent/CocoaTentApp.m; sourceTree = "<group>"; };
		DAB0754116121EDF0079BE7D /* JSONKit.h */ = {isa = PBXFileReference; fileEncoding = 4; lastKnownFileType = sourcecode.c.h; name = JSONKit.h; path = CocoaTent/JSONKit.h; sourceTree = "<group>"; };
		DAB0754216121EDF0079BE7D /* JSONKit.m */ = {isa = PBXFileReference; fileEncoding = 4; lastKnownFileType = sourcecode.c.objc; name = JSONKit.m; path = CocoaTent/JSONKit.m; sourceTree = "<group>"; };
		DAB0754516121EDF0079BE7D /* NSString+ParseQueryString.h */ = {isa = PBXFileReference; fileEncoding = 4; lastKnownFileType = sourcecode.c.h; name = "NSString+ParseQueryString.h"; path = "CocoaTent/NSString+ParseQueryString.h"; sourceTree = "<group>"; };
		DAB0754616121EDF0079BE7D /* NSString+ParseQueryString.m */ = {isa = PBXFileReference; fileEncoding = 4; lastKnownFileType = sourcecode.c.objc; name = "NSString+ParseQueryString.m"; path = "CocoaTent/NSString+ParseQueryString.m"; sourceTree = "<group>"; };
		DAB0754716121EDF0079BE7D /* CocoaTent.h */ = {isa = PBXFileReference; fileEncoding = 4; lastKnownFileType = sourcecode.c.h; name = CocoaTent.h; path = CocoaTent/CocoaTent.h; sourceTree = "<group>"; };
		DAB0754816121EDF0079BE7D /* CocoaTent.m */ = {isa = PBXFileReference; fileEncoding = 4; lastKnownFileType = sourcecode.c.objc; name = CocoaTent.m; path = CocoaTent/CocoaTent.m; sourceTree = "<group>"; };
		DAC3A01516169B8700188E73 /* CocoaTentCommunication.h */ = {isa = PBXFileReference; fileEncoding = 4; lastKnownFileType = sourcecode.c.h; name = CocoaTentCommunication.h; path = CocoaTent/CocoaTentCommunication.h; sourceTree = "<group>"; };
		DAC3A01616169B8700188E73 /* CocoaTentCommunication.m */ = {isa = PBXFileReference; fileEncoding = 4; lastKnownFileType = sourcecode.c.objc; name = CocoaTentCommunication.m; path = CocoaTent/CocoaTentCommunication.m; sourceTree = "<group>"; };
		DADABDD4161B5C9A00189BC6 /* AutoHyperlinks.framework */ = {isa = PBXFileReference; lastKnownFileType = wrapper.framework; path = AutoHyperlinks.framework; sourceTree = "<group>"; };
		DADFBE71161F14CA00946C10 /* CocoaTentRepostFetcher.h */ = {isa = PBXFileReference; fileEncoding = 4; lastKnownFileType = sourcecode.c.h; name = CocoaTentRepostFetcher.h; path = CocoaTent/CocoaTentRepostFetcher.h; sourceTree = "<group>"; };
		DADFBE72161F14CA00946C10 /* CocoaTentRepostFetcher.m */ = {isa = PBXFileReference; fileEncoding = 4; lastKnownFileType = sourcecode.c.objc; name = CocoaTentRepostFetcher.m; path = CocoaTent/CocoaTentRepostFetcher.m; sourceTree = "<group>"; };
		DAEE05141612952C008CABF5 /* NSString+Random.h */ = {isa = PBXFileReference; fileEncoding = 4; lastKnownFileType = sourcecode.c.h; name = "NSString+Random.h"; path = "CocoaTent/NSString+Random.h"; sourceTree = "<group>"; };
		DAEE05151612952C008CABF5 /* NSString+Random.m */ = {isa = PBXFileReference; fileEncoding = 4; lastKnownFileType = sourcecode.c.objc; name = "NSString+Random.m"; path = "CocoaTent/NSString+Random.m"; sourceTree = "<group>"; };
		DAEE0519161297C2008CABF5 /* NSData+hmac_sha_256.h */ = {isa = PBXFileReference; fileEncoding = 4; lastKnownFileType = sourcecode.c.h; name = "NSData+hmac_sha_256.h"; path = "CocoaTent/NSData+hmac_sha_256.h"; sourceTree = "<group>"; };
		DAEE051A161297C2008CABF5 /* NSData+hmac_sha_256.m */ = {isa = PBXFileReference; fileEncoding = 4; lastKnownFileType = sourcecode.c.objc; name = "NSData+hmac_sha_256.m"; path = "CocoaTent/NSData+hmac_sha_256.m"; sourceTree = "<group>"; };
		DAEE051C1612AF2A008CABF5 /* NSString+hmac_sha_256.h */ = {isa = PBXFileReference; fileEncoding = 4; lastKnownFileType = sourcecode.c.h; name = "NSString+hmac_sha_256.h"; path = "CocoaTent/NSString+hmac_sha_256.h"; sourceTree = "<group>"; };
		DAEE051D1612AF2A008CABF5 /* NSString+hmac_sha_256.m */ = {isa = PBXFileReference; fileEncoding = 4; lastKnownFileType = sourcecode.c.objc; name = "NSString+hmac_sha_256.m"; path = "CocoaTent/NSString+hmac_sha_256.m"; sourceTree = "<group>"; };
/* End PBXFileReference section */

/* Begin PBXFrameworksBuildPhase section */
		DA511CE7160F716D00A814D7 /* Frameworks */ = {
			isa = PBXFrameworksBuildPhase;
			buildActionMask = 2147483647;
			files = (
				DAB01BA11618D1E4003868E0 /* SystemConfiguration.framework in Frameworks */,
				DA511CEF160F716D00A814D7 /* Cocoa.framework in Frameworks */,
				DADABDD5161B5C9A00189BC6 /* AutoHyperlinks.framework in Frameworks */,
			);
			runOnlyForDeploymentPostprocessing = 0;
		};
/* End PBXFrameworksBuildPhase section */

/* Begin PBXGroup section */
		DA2134EB161BC6E100733F82 /* PostTypes */ = {
			isa = PBXGroup;
			children = (
				DA2134DF161BBA9C00733F82 /* CocoaTentAlbum.h */,
				DA2134E0161BBA9C00733F82 /* CocoaTentAlbum.m */,
				DA2134E8161BC48B00733F82 /* CocoaTentDelete.h */,
				DA2134E9161BC48B00733F82 /* CocoaTentDelete.m */,
				DA2134D9161BB23C00733F82 /* CocoaTentEssay.h */,
				DA2134DA161BB23C00733F82 /* CocoaTentEssay.m */,
				DA2134DC161BB8AB00733F82 /* CocoaTentPhoto.h */,
				DA2134DD161BB8AB00733F82 /* CocoaTentPhoto.m */,
				DA2134E5161BBC3700733F82 /* CocoaTentProfile.h */,
				DA2134E6161BBC3700733F82 /* CocoaTentProfile.m */,
				DA2134E2161BBBA700733F82 /* CocoaTentRepost.h */,
				DA2134E3161BBBA700733F82 /* CocoaTentRepost.m */,
				DA6BC4FC161A718F0044CF5D /* CocoaTentStatus.h */,
				DA6BC4FD161A718F0044CF5D /* CocoaTentStatus.m */,
			);
			name = PostTypes;
			sourceTree = "<group>";
		};
		DA511CDF160F716D00A814D7 = {
			isa = PBXGroup;
			children = (
				DA511D0B160F723F00A814D7 /* AFNetworking */,
				DA511D41160FD45F00A814D7 /* CocoaTent */,
				DA511CF4160F716D00A814D7 /* TentClient */,
				DA511CED160F716D00A814D7 /* Frameworks */,
				DA511CEB160F716D00A814D7 /* Products */,
			);
			sourceTree = "<group>";
		};
		DA511CEB160F716D00A814D7 /* Products */ = {
			isa = PBXGroup;
			children = (
				DA511CEA160F716D00A814D7 /* TentClient.app */,
			);
			name = Products;
			sourceTree = "<group>";
		};
		DA511CED160F716D00A814D7 /* Frameworks */ = {
			isa = PBXGroup;
			children = (
				DADABDD4161B5C9A00189BC6 /* AutoHyperlinks.framework */,
				DAB01BA01618D1E4003868E0 /* SystemConfiguration.framework */,
				DA511CEE160F716D00A814D7 /* Cocoa.framework */,
				DA511CF0160F716D00A814D7 /* Other Frameworks */,
			);
			name = Frameworks;
			sourceTree = "<group>";
		};
		DA511CF0160F716D00A814D7 /* Other Frameworks */ = {
			isa = PBXGroup;
			children = (
				DA511CF1160F716D00A814D7 /* AppKit.framework */,
				DA511CF2160F716D00A814D7 /* CoreData.framework */,
				DA511CF3160F716D00A814D7 /* Foundation.framework */,
			);
			name = "Other Frameworks";
			sourceTree = "<group>";
		};
		DA511CF4160F716D00A814D7 /* TentClient */ = {
			isa = PBXGroup;
			children = (
				DA511D28160F7E4600A814D7 /* TentClient.entitlements */,
				DA511D00160F716D00A814D7 /* AppDelegate.h */,
				DA511D01160F716D00A814D7 /* AppDelegate.m */,
				DA511D03160F716D00A814D7 /* MainMenu.xib */,
				DA511CF5160F716D00A814D7 /* Supporting Files */,
				DA6BC4FF161A89D00044CF5D /* TimelineData.h */,
				DA6BC500161A89D00044CF5D /* TimelineData.m */,
			);
			path = TentClient;
			sourceTree = "<group>";
		};
		DA511CF5160F716D00A814D7 /* Supporting Files */ = {
			isa = PBXGroup;
			children = (
				DAB01BA31619410E003868E0 /* README.md */,
				DA511CF6160F716D00A814D7 /* TentClient-Info.plist */,
				DA511CF7160F716D00A814D7 /* InfoPlist.strings */,
				DA511CFA160F716D00A814D7 /* main.m */,
				DA511CFC160F716D00A814D7 /* TentClient-Prefix.pch */,
				DA511CFD160F716D00A814D7 /* Credits.rtf */,
			);
			name = "Supporting Files";
			sourceTree = "<group>";
		};
		DA511D0B160F723F00A814D7 /* AFNetworking */ = {
			isa = PBXGroup;
			children = (
				DA511D0C160F723F00A814D7 /* AFHTTPClient.h */,
				DA511D0D160F723F00A814D7 /* AFHTTPClient.m */,
				DA511D0E160F723F00A814D7 /* AFHTTPRequestOperation.h */,
				DA511D0F160F723F00A814D7 /* AFHTTPRequestOperation.m */,
				DA511D10160F723F00A814D7 /* AFImageRequestOperation.h */,
				DA511D11160F723F00A814D7 /* AFImageRequestOperation.m */,
				DA511D12160F723F00A814D7 /* AFJSONRequestOperation.h */,
				DA511D13160F723F00A814D7 /* AFJSONRequestOperation.m */,
				DA511D14160F723F00A814D7 /* AFNetworkActivityIndicatorManager.h */,
				DA511D15160F723F00A814D7 /* AFNetworkActivityIndicatorManager.m */,
				DA511D16160F723F00A814D7 /* AFNetworking.h */,
				DA511D17160F723F00A814D7 /* AFPropertyListRequestOperation.h */,
				DA511D18160F723F00A814D7 /* AFPropertyListRequestOperation.m */,
				DA511D19160F723F00A814D7 /* AFURLConnectionOperation.h */,
				DA511D1A160F723F00A814D7 /* AFURLConnectionOperation.m */,
				DA511D1B160F723F00A814D7 /* AFXMLRequestOperation.h */,
				DA511D1C160F723F00A814D7 /* AFXMLRequestOperation.m */,
				DA511D1D160F723F00A814D7 /* UIImageView+AFNetworking.h */,
				DA511D1E160F723F00A814D7 /* UIImageView+AFNetworking.m */,
			);
			path = AFNetworking;
			sourceTree = "<group>";
		};
		DA511D41160FD45F00A814D7 /* CocoaTent */ = {
			isa = PBXGroup;
			children = (
				DAEE051816129642008CABF5 /* Categories */,
				DAB0754716121EDF0079BE7D /* CocoaTent.h */,
				DAB0754816121EDF0079BE7D /* CocoaTent.m */,
				DAB0753D16121E590079BE7D /* CocoaTentApp.h */,
				DAB0753E16121E590079BE7D /* CocoaTentApp.m */,
				DAC3A01516169B8700188E73 /* CocoaTentCommunication.h */,
				DAC3A01616169B8700188E73 /* CocoaTentCommunication.m */,
				DA936F14161E74C300DF2016 /* CocoaTentBasicProfile.h */,
				DA936F15161E74C300DF2016 /* CocoaTentBasicProfile.m */,
				DA936F10161E734B00DF2016 /* CocoaTentCoreProfile.h */,
				DA936F11161E734B00DF2016 /* CocoaTentCoreProfile.m */,
				DA2134D5161BAF6600733F82 /* CocoaTentMention.h */,
				DA2134D6161BAF6600733F82 /* CocoaTentMention.m */,
				DA6BC4F8161A68EA0044CF5D /* CocoaTentPost.h */,
				DA6BC4F9161A68EB0044CF5D /* CocoaTentPost.m */,
				DAB0754D16121EE90079BE7D /* JSONKit */,
				DA2134EB161BC6E100733F82 /* PostTypes */,
				DADFBE71161F14CA00946C10 /* CocoaTentRepostFetcher.h */,
				DADFBE72161F14CA00946C10 /* CocoaTentRepostFetcher.m */,
			);
			name = CocoaTent;
			sourceTree = "<group>";
		};
		DAB0754D16121EE90079BE7D /* JSONKit */ = {
			isa = PBXGroup;
			children = (
				DAB0754116121EDF0079BE7D /* JSONKit.h */,
				DAB0754216121EDF0079BE7D /* JSONKit.m */,
			);
			name = JSONKit;
			sourceTree = "<group>";
		};
		DAEE051816129642008CABF5 /* Categories */ = {
			isa = PBXGroup;
			children = (
				DA2134EC161BCC1E00733F82 /* NSData+Base64.h */,
				DA2134ED161BCC1E00733F82 /* NSData+Base64.m */,
				DA2134EE161BCC1E00733F82 /* NSString+Base64.h */,
				DA2134EF161BCC1E00733F82 /* NSString+Base64.m */,
				DAB0754516121EDF0079BE7D /* NSString+ParseQueryString.h */,
				DAB0754616121EDF0079BE7D /* NSString+ParseQueryString.m */,
				DAEE05141612952C008CABF5 /* NSString+Random.h */,
				DAEE05151612952C008CABF5 /* NSString+Random.m */,
				DAEE0519161297C2008CABF5 /* NSData+hmac_sha_256.h */,
				DAEE051A161297C2008CABF5 /* NSData+hmac_sha_256.m */,
				DAEE051C1612AF2A008CABF5 /* NSString+hmac_sha_256.h */,
				DAEE051D1612AF2A008CABF5 /* NSString+hmac_sha_256.m */,
				DA2134F2161BEAC300733F82 /* NSString+URLEncoding.h */,
				DA2134F3161BEAC300733F82 /* NSString+URLEncoding.m */,
			);
			name = Categories;
			sourceTree = "<group>";
		};
/* End PBXGroup section */

/* Begin PBXNativeTarget section */
		DA511CE9160F716D00A814D7 /* TentClient */ = {
			isa = PBXNativeTarget;
			buildConfigurationList = DA511D08160F716D00A814D7 /* Build configuration list for PBXNativeTarget "TentClient" */;
			buildPhases = (
				DA511CE6160F716D00A814D7 /* Sources */,
				DA511CE7160F716D00A814D7 /* Frameworks */,
				DA511CE8160F716D00A814D7 /* Resources */,
				DADABDE9161B5DFB00189BC6 /* CopyFiles */,
			);
			buildRules = (
			);
			dependencies = (
			);
			name = TentClient;
			productName = TentClient;
			productReference = DA511CEA160F716D00A814D7 /* TentClient.app */;
			productType = "com.apple.product-type.application";
		};
/* End PBXNativeTarget section */

/* Begin PBXProject section */
		DA511CE1160F716D00A814D7 /* Project object */ = {
			isa = PBXProject;
			attributes = {
				LastUpgradeCheck = 0450;
				ORGANIZATIONNAME = "Dustin Rue";
			};
			buildConfigurationList = DA511CE4160F716D00A814D7 /* Build configuration list for PBXProject "TentClient" */;
			compatibilityVersion = "Xcode 3.2";
			developmentRegion = English;
			hasScannedForEncodings = 0;
			knownRegions = (
				en,
			);
			mainGroup = DA511CDF160F716D00A814D7;
			productRefGroup = DA511CEB160F716D00A814D7 /* Products */;
			projectDirPath = "";
			projectRoot = "";
			targets = (
				DA511CE9160F716D00A814D7 /* TentClient */,
			);
		};
/* End PBXProject section */

/* Begin PBXResourcesBuildPhase section */
		DA511CE8160F716D00A814D7 /* Resources */ = {
			isa = PBXResourcesBuildPhase;
			buildActionMask = 2147483647;
			files = (
				DA511CF9160F716D00A814D7 /* InfoPlist.strings in Resources */,
				DA511CFF160F716D00A814D7 /* Credits.rtf in Resources */,
				DA511D05160F716D00A814D7 /* MainMenu.xib in Resources */,
				DAB01BA41619410E003868E0 /* README.md in Resources */,
			);
			runOnlyForDeploymentPostprocessing = 0;
		};
/* End PBXResourcesBuildPhase section */

/* Begin PBXSourcesBuildPhase section */
		DA511CE6160F716D00A814D7 /* Sources */ = {
			isa = PBXSourcesBuildPhase;
			buildActionMask = 2147483647;
			files = (
				DA511CFB160F716D00A814D7 /* main.m in Sources */,
				DA511D02160F716D00A814D7 /* AppDelegate.m in Sources */,
				DA511D1F160F723F00A814D7 /* AFHTTPClient.m in Sources */,
				DA511D20160F723F00A814D7 /* AFHTTPRequestOperation.m in Sources */,
				DA511D21160F723F00A814D7 /* AFImageRequestOperation.m in Sources */,
				DA511D22160F723F00A814D7 /* AFJSONRequestOperation.m in Sources */,
				DA511D23160F723F00A814D7 /* AFNetworkActivityIndicatorManager.m in Sources */,
				DA511D24160F723F00A814D7 /* AFPropertyListRequestOperation.m in Sources */,
				DA511D25160F723F00A814D7 /* AFURLConnectionOperation.m in Sources */,
				DA511D26160F723F00A814D7 /* AFXMLRequestOperation.m in Sources */,
				DA511D27160F723F00A814D7 /* UIImageView+AFNetworking.m in Sources */,
				DAB0753F16121E590079BE7D /* CocoaTentApp.m in Sources */,
				DAB0754916121EDF0079BE7D /* JSONKit.m in Sources */,
				DAB0754B16121EDF0079BE7D /* NSString+ParseQueryString.m in Sources */,
				DAB0754C16121EDF0079BE7D /* CocoaTent.m in Sources */,
				DAEE05161612952C008CABF5 /* NSString+Random.m in Sources */,
				DAEE051B161297C2008CABF5 /* NSData+hmac_sha_256.m in Sources */,
				DAEE051E1612AF2A008CABF5 /* NSString+hmac_sha_256.m in Sources */,
				DAC3A01716169B8700188E73 /* CocoaTentCommunication.m in Sources */,
				DA6BC4FA161A68EB0044CF5D /* CocoaTentPost.m in Sources */,
				DA6BC4FE161A718F0044CF5D /* CocoaTentStatus.m in Sources */,
				DA6BC501161A89D00044CF5D /* TimelineData.m in Sources */,
				DA2134D7161BAF6600733F82 /* CocoaTentMention.m in Sources */,
				DA2134DB161BB23C00733F82 /* CocoaTentEssay.m in Sources */,
				DA2134DE161BB8AB00733F82 /* CocoaTentPhoto.m in Sources */,
				DA2134E1161BBA9C00733F82 /* CocoaTentAlbum.m in Sources */,
				DA2134E4161BBBA700733F82 /* CocoaTentRepost.m in Sources */,
				DA2134E7161BBC3700733F82 /* CocoaTentProfile.m in Sources */,
				DA2134EA161BC48B00733F82 /* CocoaTentDelete.m in Sources */,
				DA2134F0161BCC1E00733F82 /* NSData+Base64.m in Sources */,
				DA2134F1161BCC1E00733F82 /* NSString+Base64.m in Sources */,
				DA2134F4161BEAC300733F82 /* NSString+URLEncoding.m in Sources */,
				DA936F12161E734B00DF2016 /* CocoaTentCoreProfile.m in Sources */,
				DA936F16161E74C300DF2016 /* CocoaTentBasicProfile.m in Sources */,
				DADFBE73161F14CA00946C10 /* CocoaTentRepostFetcher.m in Sources */,
			);
			runOnlyForDeploymentPostprocessing = 0;
		};
/* End PBXSourcesBuildPhase section */

/* Begin PBXVariantGroup section */
		DA511CF7160F716D00A814D7 /* InfoPlist.strings */ = {
			isa = PBXVariantGroup;
			children = (
				DA511CF8160F716D00A814D7 /* en */,
			);
			name = InfoPlist.strings;
			sourceTree = "<group>";
		};
		DA511CFD160F716D00A814D7 /* Credits.rtf */ = {
			isa = PBXVariantGroup;
			children = (
				DA511CFE160F716D00A814D7 /* en */,
			);
			name = Credits.rtf;
			sourceTree = "<group>";
		};
		DA511D03160F716D00A814D7 /* MainMenu.xib */ = {
			isa = PBXVariantGroup;
			children = (
				DA511D04160F716D00A814D7 /* en */,
			);
			name = MainMenu.xib;
			sourceTree = "<group>";
		};
/* End PBXVariantGroup section */

/* Begin XCBuildConfiguration section */
		DA511D06160F716D00A814D7 /* Debug */ = {
			isa = XCBuildConfiguration;
			buildSettings = {
				ALWAYS_SEARCH_USER_PATHS = NO;
				ARCHS = "$(ARCHS_STANDARD_64_BIT)";
				CLANG_CXX_LANGUAGE_STANDARD = "gnu++0x";
				CLANG_CXX_LIBRARY = "libc++";
				CLANG_ENABLE_OBJC_ARC = YES;
				CLANG_WARN_EMPTY_BODY = YES;
				CLANG_WARN__DUPLICATE_METHOD_MATCH = YES;
				COPY_PHASE_STRIP = NO;
				GCC_C_LANGUAGE_STANDARD = gnu99;
				GCC_DYNAMIC_NO_PIC = NO;
				GCC_ENABLE_OBJC_EXCEPTIONS = YES;
				GCC_OPTIMIZATION_LEVEL = 0;
				GCC_PREPROCESSOR_DEFINITIONS = (
					"DEBUG=1",
					"$(inherited)",
				);
				GCC_SYMBOLS_PRIVATE_EXTERN = NO;
				GCC_WARN_64_TO_32_BIT_CONVERSION = YES;
				GCC_WARN_ABOUT_RETURN_TYPE = YES;
				GCC_WARN_UNINITIALIZED_AUTOS = YES;
				GCC_WARN_UNUSED_VARIABLE = YES;
				MACOSX_DEPLOYMENT_TARGET = 10.8;
				ONLY_ACTIVE_ARCH = YES;
				SDKROOT = macosx;
			};
			name = Debug;
		};
		DA511D07160F716D00A814D7 /* Release */ = {
			isa = XCBuildConfiguration;
			buildSettings = {
				ALWAYS_SEARCH_USER_PATHS = NO;
				ARCHS = "$(ARCHS_STANDARD_64_BIT)";
				CLANG_CXX_LANGUAGE_STANDARD = "gnu++0x";
				CLANG_CXX_LIBRARY = "libc++";
				CLANG_ENABLE_OBJC_ARC = YES;
				CLANG_WARN_EMPTY_BODY = YES;
				CLANG_WARN__DUPLICATE_METHOD_MATCH = YES;
				COPY_PHASE_STRIP = YES;
				DEBUG_INFORMATION_FORMAT = "dwarf-with-dsym";
				GCC_C_LANGUAGE_STANDARD = gnu99;
				GCC_ENABLE_OBJC_EXCEPTIONS = YES;
				GCC_WARN_64_TO_32_BIT_CONVERSION = YES;
				GCC_WARN_ABOUT_RETURN_TYPE = YES;
				GCC_WARN_UNINITIALIZED_AUTOS = YES;
				GCC_WARN_UNUSED_VARIABLE = YES;
				MACOSX_DEPLOYMENT_TARGET = 10.8;
				SDKROOT = macosx;
			};
			name = Release;
		};
		DA511D09160F716D00A814D7 /* Debug */ = {
			isa = XCBuildConfiguration;
			buildSettings = {
				COMBINE_HIDPI_IMAGES = YES;
				FRAMEWORK_SEARCH_PATHS = (
					"$(inherited)",
					"\"$(SRCROOT)\"",
				);
				GCC_PRECOMPILE_PREFIX_HEADER = YES;
				GCC_PREFIX_HEADER = "TentClient/TentClient-Prefix.pch";
				INFOPLIST_FILE = "TentClient/TentClient-Info.plist";
				PRODUCT_NAME = "$(TARGET_NAME)";
				WRAPPER_EXTENSION = app;
			};
			name = Debug;
		};
		DA511D0A160F716D00A814D7 /* Release */ = {
			isa = XCBuildConfiguration;
			buildSettings = {
				COMBINE_HIDPI_IMAGES = YES;
				FRAMEWORK_SEARCH_PATHS = (
					"$(inherited)",
					"\"$(SRCROOT)\"",
				);
				GCC_PRECOMPILE_PREFIX_HEADER = YES;
				GCC_PREFIX_HEADER = "TentClient/TentClient-Prefix.pch";
				INFOPLIST_FILE = "TentClient/TentClient-Info.plist";
				PRODUCT_NAME = "$(TARGET_NAME)";
				WRAPPER_EXTENSION = app;
			};
			name = Release;
		};
/* End XCBuildConfiguration section */

/* Begin XCConfigurationList section */
		DA511CE4160F716D00A814D7 /* Build configuration list for PBXProject "TentClient" */ = {
			isa = XCConfigurationList;
			buildConfigurations = (
				DA511D06160F716D00A814D7 /* Debug */,
				DA511D07160F716D00A814D7 /* Release */,
			);
			defaultConfigurationIsVisible = 0;
			defaultConfigurationName = Release;
		};
		DA511D08160F716D00A814D7 /* Build configuration list for PBXNativeTarget "TentClient" */ = {
			isa = XCConfigurationList;
			buildConfigurations = (
				DA511D09160F716D00A814D7 /* Debug */,
				DA511D0A160F716D00A814D7 /* Release */,
			);
			defaultConfigurationIsVisible = 0;
			defaultConfigurationName = Release;
		};
/* End XCConfigurationList section */
	};
	rootObject = DA511CE1160F716D00A814D7 /* Project object */;
}
